
Microsoft Visual Studio Solution File, Format Version 12.00
# Visual Studio Version 16
VisualStudioVersion = 16.0.32002.261
MinimumVisualStudioVersion = 10.0.40219.1
Project("{FAE04EC0-301F-11D3-BF4B-00C04F79EFBC}") = "OCP", "OCP\OCP.csproj", "{B76E8199-61E7-4B98-B67F-3049BBC29A54}"
EndProject
Project("{FAE04EC0-301F-11D3-BF4B-00C04F79EFBC}") = "OCPUI", "OCPUI\OCPUI.csproj", "{7DEBD0B5-2A1B-4B5F-8D37-B553EFC6FE9A}"
EndProject
Project("{FAE04EC0-301F-11D3-BF4B-00C04F79EFBC}") = "LSPUI", "LSPUI\LSPUI.csproj", "{4E7E7B55-6021-406D-A3DF-412C8543D121}"
EndProject
Project("{FAE04EC0-301F-11D3-BF4B-00C04F79EFBC}") = "LSP", "LSP\LSP.csproj", "{1955428F-6490-432A-9DB3-387125945AA9}"
EndProject
Project("{FAE04EC0-301F-11D3-BF4B-00C04F79EFBC}") = "SRP", "SRP\SRP.csproj", "{0EDC0464-8D1F-4F72-8BE9-19140454DF11}"
EndProject
Project("{FAE04EC0-301F-11D3-BF4B-00C04F79EFBC}") = "ISPUI", "ISPUI\ISPUI.csproj", "{6CF64E69-7137-4274-BE71-1A970A347FB4}"
EndProject
Project("{FAE04EC0-301F-11D3-BF4B-00C04F79EFBC}") = "ISP", "ISP\ISP.csproj", "{DFAB134B-A03D-427B-B9BD-F31C25A6B143}"
EndProject
Global
	GlobalSection(SolutionConfigurationPlatforms) = preSolution
		Debug|Any CPU = Debug|Any CPU
		Release|Any CPU = Release|Any CPU
	EndGlobalSection
	GlobalSection(ProjectConfigurationPlatforms) = postSolution
		{B76E8199-61E7-4B98-B67F-3049BBC29A54}.Debug|Any CPU.ActiveCfg = Debug|Any CPU
		{B76E8199-61E7-4B98-B67F-3049BBC29A54}.Debug|Any CPU.Build.0 = Debug|Any CPU
		{B76E8199-61E7-4B98-B67F-3049BBC29A54}.Release|Any CPU.ActiveCfg = Release|Any CPU
		{B76E8199-61E7-4B98-B67F-3049BBC29A54}.Release|Any CPU.Build.0 = Release|Any CPU
		{7DEBD0B5-2A1B-4B5F-8D37-B553EFC6FE9A}.Debug|Any CPU.ActiveCfg = Debug|Any CPU
		{7DEBD0B5-2A1B-4B5F-8D37-B553EFC6FE9A}.Debug|Any CPU.Build.0 = Debug|Any CPU
		{7DEBD0B5-2A1B-4B5F-8D37-B553EFC6FE9A}.Release|Any CPU.ActiveCfg = Release|Any CPU
		{7DEBD0B5-2A1B-4B5F-8D37-B553EFC6FE9A}.Release|Any CPU.Build.0 = Release|Any CPU
		{4E7E7B55-6021-406D-A3DF-412C8543D121}.Debug|Any CPU.ActiveCfg = Debug|Any CPU
		{4E7E7B55-6021-406D-A3DF-412C8543D121}.Debug|Any CPU.Build.0 = Debug|Any CPU
		{4E7E7B55-6021-406D-A3DF-412C8543D121}.Release|Any CPU.ActiveCfg = Release|Any CPU
		{4E7E7B55-6021-406D-A3DF-412C8543D121}.Release|Any CPU.Build.0 = Release|Any CPU
		{1955428F-6490-432A-9DB3-387125945AA9}.Debug|Any CPU.ActiveCfg = Debug|Any CPU
		{1955428F-6490-432A-9DB3-387125945AA9}.Debug|Any CPU.Build.0 = Debug|Any CPU
		{1955428F-6490-432A-9DB3-387125945AA9}.Release|Any CPU.ActiveCfg = Release|Any CPU
		{1955428F-6490-432A-9DB3-387125945AA9}.Release|Any CPU.Build.0 = Release|Any CPU
		{0EDC0464-8D1F-4F72-8BE9-19140454DF11}.Debug|Any CPU.ActiveCfg = Debug|Any CPU
		{0EDC0464-8D1F-4F72-8BE9-19140454DF11}.Debug|Any CPU.Build.0 = Debug|Any CPU
		{0EDC0464-8D1F-4F72-8BE9-19140454DF11}.Release|Any CPU.ActiveCfg = Release|Any CPU
		{0EDC0464-8D1F-4F72-8BE9-19140454DF11}.Release|Any CPU.Build.0 = Release|Any CPU
		{6CF64E69-7137-4274-BE71-1A970A347FB4}.Debug|Any CPU.ActiveCfg = Debug|Any CPU
		{6CF64E69-7137-4274-BE71-1A970A347FB4}.Debug|Any CPU.Build.0 = Debug|Any CPU
		{6CF64E69-7137-4274-BE71-1A970A347FB4}.Release|Any CPU.ActiveCfg = Release|Any CPU
		{6CF64E69-7137-4274-BE71-1A970A347FB4}.Release|Any CPU.Build.0 = Release|Any CPU
		{DFAB134B-A03D-427B-B9BD-F31C25A6B143}.Debug|Any CPU.ActiveCfg = Debug|Any CPU
		{DFAB134B-A03D-427B-B9BD-F31C25A6B143}.Debug|Any CPU.Build.0 = Debug|Any CPU
		{DFAB134B-A03D-427B-B9BD-F31C25A6B143}.Release|Any CPU.ActiveCfg = Release|Any CPU
		{DFAB134B-A03D-427B-B9BD-F31C25A6B143}.Release|Any CPU.Build.0 = Release|Any CPU
	EndGlobalSection
	GlobalSection(SolutionProperties) = preSolution
		HideSolutionNode = FALSE
	EndGlobalSection
	GlobalSection(ExtensibilityGlobals) = postSolution
		SolutionGuid = {1AAD17CD-E52D-4DE1-A885-109E858317BD}
	EndGlobalSection
EndGlobal
